lockfileVersion: '9.0'

settings:
  autoInstallPeers: true
  excludeLinksFromLockfile: false

overrides:
  next@>=10.0.0 <16.1.7: '>=16.1.7'

importers:

  .:
    dependencies:
      '@mantine/core':
        specifier: ^8.3.18
        version: 8.3.18(@mantine/hooks@8.3.18(react@19.2.4))(@types/react@19.2.14)(react-dom@19.2.4(react@19.2.4))(react@19.2.4)
      '@mantine/hooks':
        specifier: ^8.3.18
        version: 8.3.18(react@19.2.4)
      ms:
        specifier: ^2.1.3
        version: 2.1.3
      next:
        specifier: '>=16.1.7'
        version: 16.1.7(react-dom@19.2.4(react@19.2.4))(react@19.2.4)
      normalize.css:
        specifier: ^8.0.1
        version: 8.0.1
      react:
        specifier: latest
        version: 19.2.4
      react-dom:
        specifier: latest
        version: 19.2.4(react@19.2.4)
      simplex-noise:
        specifier: ^4.0.3
        version: 4.0.3
      three:
        specifier: ^0.183.2
        version: 0.183.2
    devDependencies:
      '@biomejs/biome':
        specifier: 2.4.7
        version: 2.4.7
      '@types/ms':
        specifier: ^2.1.0
        version: 2.1.0
      '@types/node':
        specifier: ^25.5.0
        version: 25.5.0
      '@types/react':
        specifier: ^19.2.14
        version: 19.2.14
      '@types/react-dom':
        specifier: ^19.2.3
        version: 19.2.3(@types/react@19.2.14)
      '@types/three':
        specifier: ^0.183.1
        version: 0.183.1
      typescript:
        specifier: ^5.9.3
        version: 5.9.3

packages:

  '@babel/runtime@7.29.2':
    resolution: {integrity: sha512-JiDShH45zKHWyGe4ZNVRrCjBz8Nh9TMmZG1kh4QTK8hCBTWBi8Da+i7s1fJw7/lYpM4ccepSNfqzZ/QvABBi5g==}
    engines: {node: '>=6.9.0'}

  '@biomejs/biome@2.4.7':
    resolution: {integrity: sha512-vXrgcmNGZ4lpdwZSpMf1hWw1aWS6B+SyeSYKTLrNsiUsAdSRN0J4d/7mF3ogJFbIwFFSOL3wT92Zzxia/d5/ng==}
    engines: {node: '>=14.21.3'}
    hasBin: true

  '@biomejs/cli-darwin-arm64@2.4.7':
    resolution: {integrity: sha512-Oo0cF5mHzmvDmTXw8XSjhCia8K6YrZnk7aCS54+/HxyMdZMruMO3nfpDsrlar/EQWe41r1qrwKiCa2QDYHDzWA==}
    engines: {node: '>=14.21.3'}
    cpu: [arm64]
    os: [darwin]

  '@biomejs/cli-darwin-x64@2.4.7':
    resolution: {integrity: sha512-I+cOG3sd/7HdFtvDSnF9QQPrWguUH7zrkIMMykM3PtfWU9soTcS2yRb9Myq6MHmzbeCT08D1UmY+BaiMl5CcoQ==}
    engines: {node: '>=14.21.3'}
    cpu: [x64]
    os: [darwin]

  '@biomejs/cli-linux-arm64-musl@2.4.7':
    resolution: {integrity: sha512-I2NvM9KPb09jWml93O2/5WMfNR7Lee5Latag1JThDRMURVhPX74p9UDnyTw3Ae6cE1DgXfw7sqQgX7rkvpc0vw==}
    engines: {node: '>=14.21.3'}
    cpu: [arm64]
    os: [linux]
    libc: [musl]

  '@biomejs/cli-linux-arm64@2.4.7':
    resolution: {integrity: sha512-om6FugwmibzfP/6ALj5WRDVSND4H2G9X0nkI1HZpp2ySf9lW2j0X68oQSaHEnls6666oy4KDsc5RFjT4m0kV0w==}
    engines: {node: '>=14.21.3'}
    cpu: [arm64]
    os: [linux]
    libc: [glibc]

  '@biomejs/cli-linux-x64-musl@2.4.7':
    resolution: {integrity: sha512-00kx4YrBMU8374zd2wHuRV5wseh0rom5HqRND+vDldJPrWwQw+mzd/d8byI9hPx926CG+vWzq6AeiT7Yi5y59g==}
    engines: {node: '>=14.21.3'}
    cpu: [x64]
    os: [linux]
    libc: [musl]

  '@biomejs/cli-linux-x64@2.4.7':
    resolution: {integrity: sha512-bV8/uo2Tj+gumnk4sUdkerWyCPRabaZdv88IpbmDWARQQoA/Q0YaqPz1a+LSEDIL7OfrnPi9Hq1Llz4ZIGyIQQ==}
    engines: {node: '>=14.21.3'}
    cpu: [x64]
    os: [linux]
    libc: [glibc]

  '@biomejs/cli-win32-arm64@2.4.7':
    resolution: {integrity: sha512-hOUHBMlFCvDhu3WCq6vaBoG0dp0LkWxSEnEEsxxXvOa9TfT6ZBnbh72A/xBM7CBYB7WgwqboetzFEVDnMxelyw==}
    engines: {node: '>=14.21.3'}
    cpu: [arm64]
    os: [win32]

  '@biomejs/cli-win32-x64@2.4.7':
    resolution: {integrity: sha512-qEpGjSkPC3qX4ycbMUthXvi9CkRq7kZpkqMY1OyhmYlYLnANnooDQ7hDerM8+0NJ+DZKVnsIc07h30XOpt7LtQ==}
    engines: {node: '>=14.21.3'}
    cpu: [x64]
    os: [win32]

  '@dimforge/rapier3d-compat@0.12.0':
    resolution: {integrity: sha512-uekIGetywIgopfD97oDL5PfeezkFpNhwlzlaEYNOA0N6ghdsOvh/HYjSMek5Q2O1PYvRSDFcqFVJl4r4ZBwOow==}

  '@emnapi/runtime@1.9.0':
    resolution: {integrity: sha512-QN75eB0IH2ywSpRpNddCRfQIhmJYBCJ1x5Lb3IscKAL8bMnVAKnRg8dCoXbHzVLLH7P38N2Z3mtulB7W0J0FKw==}

  '@floating-ui/core@1.7.5':
    resolution: {integrity: sha512-1Ih4WTWyw0+lKyFMcBHGbb5U5FtuHJuujoyyr5zTaWS5EYMeT6Jb2AuDeftsCsEuchO+mM2ij5+q9crhydzLhQ==}

  '@floating-ui/dom@1.7.6':
    resolution: {integrity: sha512-9gZSAI5XM36880PPMm//9dfiEngYoC6Am2izES1FF406YFsjvyBMmeJ2g4SAju3xWwtuynNRFL2s9hgxpLI5SQ==}

  '@floating-ui/react-dom@2.1.8':
    resolution: {integrity: sha512-cC52bHwM/n/CxS87FH0yWdngEZrjdtLW/qVruo68qg+prK7ZQ4YGdut2GyDVpoGeAYe/h899rVeOVm6Oi40k2A==}
    peerDependencies:
      react: '>=16.8.0'
      react-dom: '>=16.8.0'

  '@floating-ui/react@0.27.19':
    resolution: {integrity: sha512-31B8h5mm8YxotlE7/AU/PhNAl8eWxAmjL/v2QOxroDNkTFLk3Uu82u63N3b6TXa4EGJeeZLVcd/9AlNlVqzeog==}
    peerDependencies:
      react: '>=17.0.0'
      react-dom: '>=17.0.0'

  '@floating-ui/utils@0.2.11':
    resolution: {integrity: sha512-RiB/yIh78pcIxl6lLMG0CgBXAZ2Y0eVHqMPYugu+9U0AeT6YBeiJpf7lbdJNIugFP5SIjwNRgo4DhR1Qxi26Gg==}

  '@img/colour@1.1.0':
    resolution: {integrity: sha512-Td76q7j57o/tLVdgS746cYARfSyxk8iEfRxewL9h4OMzYhbW4TAcppl0mT4eyqXddh6L/jwoM75mo7ixa/pCeQ==}
    engines: {node: '>=18'}

  '@img/sharp-darwin-arm64@0.34.5':
    resolution: {integrity: sha512-imtQ3WMJXbMY4fxb/Ndp6HBTNVtWCUI0WdobyheGf5+ad6xX8VIDO8u2xE4qc/fr08CKG/7dDseFtn6M6g/r3w==}
    engines: {node: ^18.17.0 || ^20.3.0 || >=21.0.0}
    cpu: [arm64]
    os: [darwin]

  '@img/sharp-darwin-x64@0.34.5':
    resolution: {integrity: sha512-YNEFAF/4KQ/PeW0N+r+aVVsoIY0/qxxikF2SWdp+NRkmMB7y9LBZAVqQ4yhGCm/H3H270OSykqmQMKLBhBJDEw==}
    engines: {node: ^18.17.0 || ^20.3.0 || >=21.0.0}
    cpu: [x64]
    os: [darwin]

  '@img/sharp-libvips-darwin-arm64@1.2.4':
    resolution: {integrity: sha512-zqjjo7RatFfFoP0MkQ51jfuFZBnVE2pRiaydKJ1G/rHZvnsrHAOcQALIi9sA5co5xenQdTugCvtb1cuf78Vf4g==}
    cpu: [arm64]
    os: [darwin]

  '@img/sharp-libvips-darwin-x64@1.2.4':
    resolution: {integrity: sha512-1IOd5xfVhlGwX+zXv2N93k0yMONvUlANylbJw1eTah8K/Jtpi15KC+WSiaX/nBmbm2HxRM1gZ0nSdjSsrZbGKg==}
    cpu: [x64]
    os: [darwin]

  '@img/sharp-libvips-linux-arm64@1.2.4':
    resolution: {integrity: sha512-excjX8DfsIcJ10x1Kzr4RcWe1edC9PquDRRPx3YVCvQv+U5p7Yin2s32ftzikXojb1PIFc/9Mt28/y+iRklkrw==}
    cpu: [arm64]
    os: [linux]
    libc: [glibc]

  '@img/sharp-libvips-linux-arm@1.2.4':
    resolution: {integrity: sha512-bFI7xcKFELdiNCVov8e44Ia4u2byA+l3XtsAj+Q8tfCwO6BQ8iDojYdvoPMqsKDkuoOo+X6HZA0s0q11ANMQ8A==}
    cpu: [arm]
    os: [linux]
    libc: [glibc]

  '@img/sharp-libvips-linux-ppc64@1.2.4':
    resolution: {integrity: sha512-FMuvGijLDYG6lW+b/UvyilUWu5Ayu+3r2d1S8notiGCIyYU/76eig1UfMmkZ7vwgOrzKzlQbFSuQfgm7GYUPpA==}
    cpu: [ppc64]
    os: [linux]
    libc: [glibc]

  '@img/sharp-libvips-linux-riscv64@1.2.4':
    resolution: {integrity: sha512-oVDbcR4zUC0ce82teubSm+x6ETixtKZBh/qbREIOcI3cULzDyb18Sr/Wcyx7NRQeQzOiHTNbZFF1UwPS2scyGA==}
    cpu: [riscv64]
    os: [linux]
    libc: [glibc]

  '@img/sharp-libvips-linux-s390x@1.2.4':
    resolution: {integrity: sha512-qmp9VrzgPgMoGZyPvrQHqk02uyjA0/QrTO26Tqk6l4ZV0MPWIW6LTkqOIov+J1yEu7MbFQaDpwdwJKhbJvuRxQ==}
    cpu: [s390x]
    os: [linux]
    libc: [glibc]

  '@img/sharp-libvips-linux-x64@1.2.4':
    resolution: {integrity: sha512-tJxiiLsmHc9Ax1bz3oaOYBURTXGIRDODBqhveVHonrHJ9/+k89qbLl0bcJns+e4t4rvaNBxaEZsFtSfAdquPrw==}
    cpu: [x64]
    os: [linux]
    libc: [glibc]

  '@img/sharp-libvips-linuxmusl-arm64@1.2.4':
    resolution: {integrity: sha512-FVQHuwx1IIuNow9QAbYUzJ+En8KcVm9Lk5+uGUQJHaZmMECZmOlix9HnH7n1TRkXMS0pGxIJokIVB9SuqZGGXw==}
    cpu: [arm64]
    os: [linux]
    libc: [musl]

  '@img/sharp-libvips-linuxmusl-x64@1.2.4':
    resolution: {integrity: sha512-+LpyBk7L44ZIXwz/VYfglaX/okxezESc6UxDSoyo2Ks6Jxc4Y7sGjpgU9s4PMgqgjj1gZCylTieNamqA1MF7Dg==}
    cpu: [x64]
    os: [linux]
    libc: [musl]

  '@img/sharp-linux-arm64@0.34.5':
    resolution: {integrity: sha512-bKQzaJRY/bkPOXyKx5EVup7qkaojECG6NLYswgktOZjaXecSAeCWiZwwiFf3/Y+O1HrauiE3FVsGxFg8c24rZg==}
    engines: {node: ^18.17.0 || ^20.3.0 || >=21.0.0}
    cpu: [arm64]
    os: [linux]
    libc: [glibc]

  '@img/sharp-linux-arm@0.34.5':
    resolution: {integrity: sha512-9dLqsvwtg1uuXBGZKsxem9595+ujv0sJ6Vi8wcTANSFpwV/GONat5eCkzQo/1O6zRIkh0m/8+5BjrRr7jDUSZw==}
    engines: {node: ^18.17.0 || ^20.3.0 || >=21.0.0}
    cpu: [arm]
    os: [linux]
    libc: [glibc]

  '@img/sharp-linux-ppc64@0.34.5':
    resolution: {integrity: sha512-7zznwNaqW6YtsfrGGDA6BRkISKAAE1Jo0QdpNYXNMHu2+0dTrPflTLNkpc8l7MUP5M16ZJcUvysVWWrMefZquA==}
    engines: {node: ^18.17.0 || ^20.3.0 || >=21.0.0}
    cpu: [ppc64]
    os: [linux]
    libc: [glibc]

  '@img/sharp-linux-riscv64@0.34.5':
    resolution: {integrity: sha512-51gJuLPTKa7piYPaVs8GmByo7/U7/7TZOq+cnXJIHZKavIRHAP77e3N2HEl3dgiqdD/w0yUfiJnII77PuDDFdw==}
    engines: {node: ^18.17.0 || ^20.3.0 || >=21.0.0}
    cpu: [riscv64]
    os: [linux]
    libc: [glibc]

  '@img/sharp-linux-s390x@0.34.5':
    resolution: {integrity: sha512-nQtCk0PdKfho3eC5MrbQoigJ2gd1CgddUMkabUj+rBevs8tZ2cULOx46E7oyX+04WGfABgIwmMC0VqieTiR4jg==}
    engines: {node: ^18.17.0 || ^20.3.0 || >=21.0.0}
    cpu: [s390x]
    os: [linux]
    libc: [glibc]

  '@img/sharp-linux-x64@0.34.5':
    resolution: {integrity: sha512-MEzd8HPKxVxVenwAa+JRPwEC7QFjoPWuS5NZnBt6B3pu7EG2Ge0id1oLHZpPJdn3OQK+BQDiw9zStiHBTJQQQQ==}
    engines: {node: ^18.17.0 || ^20.3.0 || >=21.0.0}
    cpu: [x64]
    os: [linux]
    libc: [glibc]

  '@img/sharp-linuxmusl-arm64@0.34.5':
    resolution: {integrity: sha512-fprJR6GtRsMt6Kyfq44IsChVZeGN97gTD331weR1ex1c1rypDEABN6Tm2xa1wE6lYb5DdEnk03NZPqA7Id21yg==}
    engines: {node: ^18.17.0 || ^20.3.0 || >=21.0.0}
    cpu: [arm64]
    os: [linux]
    libc: [musl]

  '@img/sharp-linuxmusl-x64@0.34.5':
    resolution: {integrity: sha512-Jg8wNT1MUzIvhBFxViqrEhWDGzqymo3sV7z7ZsaWbZNDLXRJZoRGrjulp60YYtV4wfY8VIKcWidjojlLcWrd8Q==}
    engines: {node: ^18.17.0 || ^20.3.0 || >=21.0.0}
    cpu: [x64]
    os: [linux]
    libc: [musl]

  '@img/sharp-wasm32@0.34.5':
    resolution: {integrity: sha512-OdWTEiVkY2PHwqkbBI8frFxQQFekHaSSkUIJkwzclWZe64O1X4UlUjqqqLaPbUpMOQk6FBu/HtlGXNblIs0huw==}
    engines: {node: ^18.17.0 || ^20.3.0 || >=21.0.0}
    cpu: [wasm32]

  '@img/sharp-win32-arm64@0.34.5':
    resolution: {integrity: sha512-WQ3AgWCWYSb2yt+IG8mnC6Jdk9Whs7O0gxphblsLvdhSpSTtmu69ZG1Gkb6NuvxsNACwiPV6cNSZNzt0KPsw7g==}
    engines: {node: ^18.17.0 || ^20.3.0 || >=21.0.0}
    cpu: [arm64]
    os: [win32]

  '@img/sharp-win32-ia32@0.34.5':
    resolution: {integrity: sha512-FV9m/7NmeCmSHDD5j4+4pNI8Cp3aW+JvLoXcTUo0IqyjSfAZJ8dIUmijx1qaJsIiU+Hosw6xM5KijAWRJCSgNg==}
    engines: {node: ^18.17.0 || ^20.3.0 || >=21.0.0}
    cpu: [ia32]
    os: [win32]

  '@img/sharp-win32-x64@0.34.5':
    resolution: {integrity: sha512-+29YMsqY2/9eFEiW93eqWnuLcWcufowXewwSNIT6UwZdUUCrM3oFjMWH/Z6/TMmb4hlFenmfAVbpWeup2jryCw==}
    engines: {node: ^18.17.0 || ^20.3.0 || >=21.0.0}
    cpu: [x64]
    os: [win32]

  '@mantine/core@8.3.18':
    resolution: {integrity: sha512-9tph1lTVogKPjTx02eUxDUOdXacPzK62UuSqb4TdGliI54/Xgxftq0Dfqu6XuhCxn9J5MDJaNiLDvL/1KRkYqA==}
    peerDependencies:
      '@mantine/hooks': 8.3.18
      react: ^18.x || ^19.x
      react-dom: ^18.x || ^19.x

  '@mantine/hooks@8.3.18':
    resolution: {integrity: sha512-QoWr9+S8gg5050TQ06aTSxtlpGjYOpIllRbjYYXlRvZeTsUqiTbVfvQROLexu4rEaK+yy9Wwriwl9PMRgbLqPw==}
    peerDependencies:
      react: ^18.x || ^19.x

  '@next/env@16.1.7':
    resolution: {integrity: sha512-rJJbIdJB/RQr2F1nylZr/PJzamvNNhfr3brdKP6s/GW850jbtR70QlSfFselvIBbcPUOlQwBakexjFzqLzF6pg==}

  '@next/swc-darwin-arm64@16.1.7':
    resolution: {integrity: sha512-b2wWIE8sABdyafc4IM8r5Y/dS6kD80JRtOGrUiKTsACFQfWWgUQ2NwoUX1yjFMXVsAwcQeNpnucF2ZrujsBBPg==}
    engines: {node: '>= 10'}
    cpu: [arm64]
    os: [darwin]

  '@next/swc-darwin-x64@16.1.7':
    resolution: {integrity: sha512-zcnVaaZulS1WL0Ss38R5Q6D2gz7MtBu8GZLPfK+73D/hp4GFMrC2sudLky1QibfV7h6RJBJs/gOFvYP0X7UVlQ==}
    engines: {node: '>= 10'}
    cpu: [x64]
    os: [darwin]

  '@next/swc-linux-arm64-gnu@16.1.7':
    resolution: {integrity: sha512-2ant89Lux/Q3VyC8vNVg7uBaFVP9SwoK2jJOOR0L8TQnX8CAYnh4uctAScy2Hwj2dgjVHqHLORQZJ2wH6VxhSQ==}
    engines: {node: '>= 10'}
    cpu: [arm64]
    os: [linux]
    libc: [glibc]

  '@next/swc-linux-arm64-musl@16.1.7':
    resolution: {integrity: sha512-uufcze7LYv0FQg9GnNeZ3/whYfo+1Q3HnQpm16o6Uyi0OVzLlk2ZWoY7j07KADZFY8qwDbsmFnMQP3p3+Ftprw==}
    engines: {node: '>= 10'}
    cpu: [arm64]
    os: [linux]
    libc: [musl]

  '@next/swc-linux-x64-gnu@16.1.7':
    resolution: {integrity: sha512-KWVf2gxYvHtvuT+c4MBOGxuse5TD7DsMFYSxVxRBnOzok/xryNeQSjXgxSv9QpIVlaGzEn/pIuI6Koosx8CGWA==}
    engines: {node: '>= 10'}
    cpu: [x64]
    os: [linux]
    libc: [glibc]

  '@next/swc-linux-x64-musl@16.1.7':
    resolution: {integrity: sha512-HguhaGwsGr1YAGs68uRKc4aGWxLET+NevJskOcCAwXbwj0fYX0RgZW2gsOCzr9S11CSQPIkxmoSbuVaBp4Z3dA==}
    engines: {node: '>= 10'}
    cpu: [x64]
    os: [linux]
    libc: [musl]

  '@next/swc-win32-arm64-msvc@16.1.7':
    resolution: {integrity: sha512-S0n3KrDJokKTeFyM/vGGGR8+pCmXYrjNTk2ZozOL1C/JFdfUIL9O1ATaJOl5r2POe56iRChbsszrjMAdWSv7kQ==}
    engines: {node: '>= 10'}
    cpu: [arm64]
    os: [win32]

  '@next/swc-win32-x64-msvc@16.1.7':
    resolution: {integrity: sha512-mwgtg8CNZGYm06LeEd+bNnOUfwOyNem/rOiP14Lsz+AnUY92Zq/LXwtebtUiaeVkhbroRCQ0c8GlR4UT1U+0yg==}
    engines: {node: '>= 10'}
    cpu: [x64]
    os: [win32]

  '@swc/helpers@0.5.15':
    resolution: {integrity: sha512-JQ5TuMi45Owi4/BIMAJBoSQoOJu12oOk/gADqlcUL9JEdHB8vyjUSsxqeNXnmXHjYKMi2WcYtezGEEhqUI/E2g==}

  '@tweenjs/tween.js@23.1.3':
    resolution: {integrity: sha512-vJmvvwFxYuGnF2axRtPYocag6Clbb5YS7kLL+SO/TeVFzHqDIWrNKYtcsPMibjDx9O+bu+psAy9NKfWklassUA==}

  '@types/ms@2.1.0':
    resolution: {integrity: sha512-GsCCIZDE/p3i96vtEqx+7dBUGXrc7zeSK3wwPHIaRThS+9OhWIXRqzs4d6k1SVU8g91DrNRWxWUGhp5KXQb2VA==}

  '@types/node@25.5.0':
    resolution: {integrity: sha512-jp2P3tQMSxWugkCUKLRPVUpGaL5MVFwF8RDuSRztfwgN1wmqJeMSbKlnEtQqU8UrhTmzEmZdu2I6v2dpp7XIxw==}

  '@types/react-dom@19.2.3':
    resolution: {integrity: sha512-jp2L/eY6fn+KgVVQAOqYItbF0VY/YApe5Mz2F0aykSO8gx31bYCZyvSeYxCHKvzHG5eZjc+zyaS5BrBWya2+kQ==}
    peerDependencies:
      '@types/react': ^19.2.0

  '@types/react@19.2.14':
    resolution: {integrity: sha512-ilcTH/UniCkMdtexkoCN0bI7pMcJDvmQFPvuPvmEaYA/NSfFTAgdUSLAoVjaRJm7+6PvcM+q1zYOwS4wTYMF9w==}

  '@types/stats.js@0.17.4':
    resolution: {integrity: sha512-jIBvWWShCvlBqBNIZt0KAshWpvSjhkwkEu4ZUcASoAvhmrgAUI2t1dXrjSL4xXVLB4FznPrIsX3nKXFl/Dt4vA==}

  '@types/three@0.183.1':
    resolution: {integrity: sha512-f2Pu5Hrepfgavttdye3PsH5RWyY/AvdZQwIVhrc4uNtvF7nOWJacQKcoVJn0S4f0yYbmAE6AR+ve7xDcuYtMGw==}

  '@types/webxr@0.5.24':
    resolution: {integrity: sha512-h8fgEd/DpoS9CBrjEQXR+dIDraopAEfu4wYVNY2tEPwk60stPWhvZMf4Foo5FakuQ7HFZoa8WceaWFervK2Ovg==}

  '@webgpu/types@0.1.69':
    resolution: {integrity: sha512-RPmm6kgRbI8e98zSD3RVACvnuktIja5+yLgDAkTmxLr90BEwdTXRQWNLF3ETTTyH/8mKhznZuN5AveXYFEsMGQ==}

  baseline-browser-mapping@2.10.8:
    resolution: {integrity: sha512-PCLz/LXGBsNTErbtB6i5u4eLpHeMfi93aUv5duMmj6caNu6IphS4q6UevDnL36sZQv9lrP11dbPKGMaXPwMKfQ==}
    engines: {node: '>=6.0.0'}
    hasBin: true

  caniuse-lite@1.0.30001780:
    resolution: {integrity: sha512-llngX0E7nQci5BPJDqoZSbuZ5Bcs9F5db7EtgfwBerX9XGtkkiO4NwfDDIRzHTTwcYC8vC7bmeUEPGrKlR/TkQ==}

  client-only@0.0.1:
    resolution: {integrity: sha512-IV3Ou0jSMzZrd3pZ48nLkT9DA7Ag1pnPzaiQhpW7c3RbcqqzvzzVu+L8gfqMp/8IM2MQtSiqaCxrrcfu8I8rMA==}

  clsx@2.1.1:
    resolution: {integrity: sha512-eYm0QWBtUrBWZWG0d386OGAw16Z995PiOVo2B7bjWSbHedGl5e0ZWaq65kOGgUSNesEIDkB9ISbTg/JK9dhCZA==}
    engines: {node: '>=6'}

  csstype@3.2.3:
    resolution: {integrity: sha512-z1HGKcYy2xA8AGQfwrn0PAy+PB7X/GSj3UVJW9qKyn43xWa+gl5nXmU4qqLMRzWVLFC8KusUX8T/0kCiOYpAIQ==}

  detect-libc@2.1.2:
    resolution: {integrity: sha512-Btj2BOOO83o3WyH59e8MgXsxEQVcarkUOpEYrubB0urwnN10yQ364rsiByU11nZlqWYZm05i/of7io4mzihBtQ==}
    engines: {node: '>=8'}

  detect-node-es@1.1.0:
    resolution: {integrity: sha512-ypdmJU/TbBby2Dxibuv7ZLW3Bs1QEmM7nHjEANfohJLvE0XVujisn1qPJcZxg+qDucsr+bP6fLD1rPS3AhJ7EQ==}

  fflate@0.8.2:
    resolution: {integrity: sha512-cPJU47OaAoCbg0pBvzsgpTPhmhqI5eJjh/JIu8tPj5q+T7iLvW/JAYUqmE7KOB4R1ZyEhzBaIQpQpardBF5z8A==}

  get-nonce@1.0.1:
    resolution: {integrity: sha512-FJhYRoDaiatfEkUK8HKlicmu/3SGFD51q3itKDGoSTysQJBnfOcxU5GxnhE1E6soB76MbT0MBtnKJuXyAx+96Q==}
    engines: {node: '>=6'}

  meshoptimizer@1.0.1:
    resolution: {integrity: sha512-Vix+QlA1YYT3FwmBBZ+49cE5y/b+pRrcXKqGpS5ouh33d3lSp2PoTpCw19E0cKDFWalembrHnIaZetf27a+W2g==}

  ms@2.1.3:
    resolution: {integrity: sha512-6FlzubTLZG3J2a/NVCAleEhjzq5oxgHyaCU9yYXvcLsvoVaHJq/s5xXI6/XXP6tz7R9xAOtHnSO/tXtF3WRTlA==}

  nanoid@3.3.11:
    resolution: {integrity: sha512-N8SpfPUnUp1bK+PMYW8qSWdl9U+wwNWI4QKxOYDy9JAro3WMX7p2OeVRF9v+347pnakNevPmiHhNmZ2HbFA76w==}
    engines: {node: ^10 || ^12 || ^13.7 || ^14 || >=15.0.1}
    hasBin: true

  next@16.1.7:
    resolution: {integrity: sha512-WM0L7WrSvKwoLegLYr6V+mz+RIofqQgVAfHhMp9a88ms0cFX8iX9ew+snpWlSBwpkURJOUdvCEt3uLl3NNzvWg==}
    engines: {node: '>=20.9.0'}
    hasBin: true
    peerDependencies:
      '@opentelemetry/api': ^1.1.0
      '@playwright/test': ^1.51.1
      babel-plugin-react-compiler: '*'
      react: ^18.2.0 || 19.0.0-rc-de68d2f4-20241204 || ^19.0.0
      react-dom: ^18.2.0 || 19.0.0-rc-de68d2f4-20241204 || ^19.0.0
      sass: ^1.3.0
    peerDependenciesMeta:
      '@opentelemetry/api':
        optional: true
      '@playwright/test':
        optional: true
      babel-plugin-react-compiler:
        optional: true
      sass:
        optional: true

  normalize.css@8.0.1:
    resolution: {integrity: sha512-qizSNPO93t1YUuUhP22btGOo3chcvDFqFaj2TRybP0DMxkHOCTYwp3n34fel4a31ORXy4m1Xq0Gyqpb5m33qIg==}

  picocolors@1.1.1:
    resolution: {integrity: sha512-xceH2snhtb5M9liqDsmEw56le376mTZkEX/jEb/RxNFyegNul7eNslCXP9FDj/Lcu0X8KEyMceP2ntpaHrDEVA==}

  postcss@8.4.31:
    resolution: {integrity: sha512-PS08Iboia9mts/2ygV3eLpY5ghnUcfLV/EXTOW1E2qYxJKGGBUtNjN76FYHnMs36RmARn41bC0AZmn+rR0OVpQ==}
    engines: {node: ^10 || ^12 || >=14}

  react-dom@19.2.4:
    resolution: {integrity: sha512-AXJdLo8kgMbimY95O2aKQqsz2iWi9jMgKJhRBAxECE4IFxfcazB2LmzloIoibJI3C12IlY20+KFaLv+71bUJeQ==}
    peerDependencies:
      react: ^19.2.4

  react-number-format@5.4.4:
    resolution: {integrity: sha512-wOmoNZoOpvMminhifQYiYSTCLUDOiUbBunrMrMjA+dV52sY+vck1S4UhR6PkgnoCquvvMSeJjErXZ4qSaWCliA==}
    peerDependencies:
      react: ^0.14 || ^15.0.0 || ^16.0.0 || ^17.0.0 || ^18.0.0 || ^19.0.0
      react-dom: ^0.14 || ^15.0.0 || ^16.0.0 || ^17.0.0 || ^18.0.0 || ^19.0.0

  react-remove-scroll-bar@2.3.8:
    resolution: {integrity: sha512-9r+yi9+mgU33AKcj6IbT9oRCO78WriSj6t/cF8DWBZJ9aOGPOTEDvdUDz1FwKim7QXWwmHqtdHnRJfhAxEG46Q==}
    engines: {node: '>=10'}
    peerDependencies:
      '@types/react': '*'
      react: ^16.8.0 || ^17.0.0 || ^18.0.0 || ^19.0.0
    peerDependenciesMeta:
      '@types/react':
        optional: true

  react-remove-scroll@2.7.2:
    resolution: {integrity: sha512-Iqb9NjCCTt6Hf+vOdNIZGdTiH1QSqr27H/Ek9sv/a97gfueI/5h1s3yRi1nngzMUaOOToin5dI1dXKdXiF+u0Q==}
    engines: {node: '>=10'}
    peerDependencies:
      '@types/react': '*'
      react: ^16.8.0 || ^17.0.0 || ^18.0.0 || ^19.0.0 || ^19.0.0-rc
    peerDependenciesMeta:
      '@types/react':
        optional: true

  react-style-singleton@2.2.3:
    resolution: {integrity: sha512-b6jSvxvVnyptAiLjbkWLE/lOnR4lfTtDAl+eUC7RZy+QQWc6wRzIV2CE6xBuMmDxc2qIihtDCZD5NPOFl7fRBQ==}
    engines: {node: '>=10'}
    peerDependencies:
      '@types/react': '*'
      react: ^16.8.0 || ^17.0.0 || ^18.0.0 || ^19.0.0 || ^19.0.0-rc
    peerDependenciesMeta:
      '@types/react':
        optional: true

  react-textarea-autosize@8.5.9:
    resolution: {integrity: sha512-U1DGlIQN5AwgjTyOEnI1oCcMuEr1pv1qOtklB2l4nyMGbHzWrI0eFsYK0zos2YWqAolJyG0IWJaqWmWj5ETh0A==}
    engines: {node: '>=10'}
    peerDependencies:
      react: ^16.8.0 || ^17.0.0 || ^18.0.0 || ^19.0.0

  react@19.2.4:
    resolution: {integrity: sha512-9nfp2hYpCwOjAN+8TZFGhtWEwgvWHXqESH8qT89AT/lWklpLON22Lc8pEtnpsZz7VmawabSU0gCjnj8aC0euHQ==}
    engines: {node: '>=0.10.0'}

  scheduler@0.27.0:
    resolution: {integrity: sha512-eNv+WrVbKu1f3vbYJT/xtiF5syA5HPIMtf9IgY/nKg0sWqzAUEvqY/xm7OcZc/qafLx/iO9FgOmeSAp4v5ti/Q==}

  semver@7.7.4:
    resolution: {integrity: sha512-vFKC2IEtQnVhpT78h1Yp8wzwrf8CM+MzKMHGJZfBtzhZNycRFnXsHk6E5TxIkkMsgNS7mdX3AGB7x2QM2di4lA==}
    engines: {node: '>=10'}
    hasBin: true

  sharp@0.34.5:
    resolution: {integrity: sha512-Ou9I5Ft9WNcCbXrU9cMgPBcCK8LiwLqcbywW3t4oDV37n1pzpuNLsYiAV8eODnjbtQlSDwZ2cUEeQz4E54Hltg==}
    engines: {node: ^18.17.0 || ^20.3.0 || >=21.0.0}

  simplex-noise@4.0.3:
    resolution: {integrity: sha512-qSE2I4AngLQG7BXqoZj51jokT4WUXe8mOBrvfOXpci8+6Yu44+/dD5zqDpOx3Ux792eamTd2lLcI8jqFntk/lg==}

  source-map-js@1.2.1:
    resolution: {integrity: sha512-UXWMKhLOwVKb728IUtQPXxfYU+usdybtUrK/8uGE8CQMvrhOpwvzDBwj0QhSL7MQc7vIsISBG8VQ8+IDQxpfQA==}
    engines: {node: '>=0.10.0'}

  styled-jsx@5.1.6:
    resolution: {integrity: sha512-qSVyDTeMotdvQYoHWLNGwRFJHC+i+ZvdBRYosOFgC+Wg1vx4frN2/RG/NA7SYqqvKNLf39P2LSRA2pu6n0XYZA==}
    engines: {node: '>= 12.0.0'}
    peerDependencies:
      '@babel/core': '*'
      babel-plugin-macros: '*'
      react: '>= 16.8.0 || 17.x.x || ^18.0.0-0 || ^19.0.0-0'
    peerDependenciesMeta:
      '@babel/core':
        optional: true
      babel-plugin-macros:
        optional: true

  tabbable@6.4.0:
    resolution: {integrity: sha512-05PUHKSNE8ou2dwIxTngl4EzcnsCDZGJ/iCLtDflR/SHB/ny14rXc+qU5P4mG9JkusiV7EivzY9Mhm55AzAvCg==}

  three@0.183.2:
    resolution: {integrity: sha512-di3BsL2FEQ1PA7Hcvn4fyJOlxRRgFYBpMTcyOgkwJIaDOdJMebEFPA+t98EvjuljDx4hNulAGwF6KIjtwI5jgQ==}

  tslib@2.8.1:
    resolution: {integrity: sha512-oJFu94HQb+KVduSUQL7wnpmqnfmLsOA/nAh6b6EH0wCEoK0/mPeXU6c3wKDV83MkOuHPRHtSXKKU99IBazS/2w==}

  type-fest@4.41.0:
    resolution: {integrity: sha512-TeTSQ6H5YHvpqVwBRcnLDCBnDOHWYu7IvGbHT6N8AOymcr9PJGjc1GTtiWZTYg0NCgYwvnYWEkVChQAr9bjfwA==}
    engines: {node: '>=16'}

  typescript@5.9.3:
    resolution: {integrity: sha512-jl1vZzPDinLr9eUt3J/t7V6FgNEw9QjvBPdysz9KfQDD41fQrC2Y4vKQdiaUpFT4bXlb1RHhLpp8wtm6M5TgSw==}
    engines: {node: '>=14.17'}
    hasBin: true

  undici-types@7.18.2:
    resolution: {integrity: sha512-AsuCzffGHJybSaRrmr5eHr81mwJU3kjw6M+uprWvCXiNeN9SOGwQ3Jn8jb8m3Z6izVgknn1R0FTCEAP2QrLY/w==}

  use-callback-ref@1.3.3:
    resolution: {integrity: sha512-jQL3lRnocaFtu3V00JToYz/4QkNWswxijDaCVNZRiRTO3HQDLsdu1ZtmIUvV4yPp+rvWm5j0y0TG/S61cuijTg==}
    engines: {node: '>=10'}
    peerDependencies:
      '@types/react': '*'
      react: ^16.8.0 || ^17.0.0 || ^18.0.0 || ^19.0.0 || ^19.0.0-rc
    peerDependenciesMeta:
      '@types/react':
        optional: true

  use-composed-ref@1.4.0:
    resolution: {integrity: sha512-djviaxuOOh7wkj0paeO1Q/4wMZ8Zrnag5H6yBvzN7AKKe8beOaED9SF5/ByLqsku8NP4zQqsvM2u3ew/tJK8/w==}
    peerDependencies:
      '@types/react': '*'
      react: ^16.8.0 || ^17.0.0 || ^18.0.0 || ^19.0.0
    peerDependenciesMeta:
      '@types/react':
        optional: true

  use-isomorphic-layout-effect@1.2.1:
    resolution: {integrity: sha512-tpZZ+EX0gaghDAiFR37hj5MgY6ZN55kLiPkJsKxBMZ6GZdOSPJXiOzPM984oPYZ5AnehYx5WQp1+ME8I/P/pRA==}
    peerDependencies:
      '@types/react': '*'
      react: ^16.8.0 || ^17.0.0 || ^18.0.0 || ^19.0.0
    peerDependenciesMeta:
      '@types/react':
        optional: true

  use-latest@1.3.0:
    resolution: {integrity: sha512-mhg3xdm9NaM8q+gLT8KryJPnRFOz1/5XPBhmDEVZK1webPzDjrPk7f/mbpeLqTgB9msytYWANxgALOCJKnLvcQ==}
    peerDependencies:
      '@types/react': '*'
      react: ^16.8.0 || ^17.0.0 || ^18.0.0 || ^19.0.0
    peerDependenciesMeta:
      '@types/react':
        optional: true

  use-sidecar@1.1.3:
    resolution: {integrity: sha512-Fedw0aZvkhynoPYlA5WXrMCAMm+nSWdZt6lzJQ7Ok8S6Q+VsHmHpRWndVRJ8Be0ZbkfPc5LRYH+5XrzXcEeLRQ==}
    engines: {node: '>=10'}
    peerDependencies:
      '@types/react': '*'
      react: ^16.8.0 || ^17.0.0 || ^18.0.0 || ^19.0.0 || ^19.0.0-rc
    peerDependenciesMeta:
      '@types/react':
        optional: true

snapshots:

  '@babel/runtime@7.29.2': {}

  '@biomejs/biome@2.4.7':
    optionalDependencies:
      '@biomejs/cli-darwin-arm64': 2.4.7
      '@biomejs/cli-darwin-x64': 2.4.7
      '@biomejs/cli-linux-arm64': 2.4.7
      '@biomejs/cli-linux-arm64-musl': 2.4.7
      '@biomejs/cli-linux-x64': 2.4.7
      '@biomejs/cli-linux-x64-musl': 2.4.7
      '@biomejs/cli-win32-arm64': 2.4.7
      '@biomejs/cli-win32-x64': 2.4.7

  '@biomejs/cli-darwin-arm64@2.4.7':
    optional: true

  '@biomejs/cli-darwin-x64@2.4.7':
    optional: true

  '@biomejs/cli-linux-arm64-musl@2.4.7':
    optional: true

  '@biomejs/cli-linux-arm64@2.4.7':
    optional: true

  '@biomejs/cli-linux-x64-musl@2.4.7':
    optional: true

  '@biomejs/cli-linux-x64@2.4.7':
    optional: true

  '@biomejs/cli-win32-arm64@2.4.7':
    optional: true

  '@biomejs/cli-win32-x64@2.4.7':
    optional: true

  '@dimforge/rapier3d-compat@0.12.0': {}

  '@emnapi/runtime@1.9.0':
    dependencies:
      tslib: 2.8.1
    optional: true

  '@floating-ui/core@1.7.5':
    dependencies:
      '@floating-ui/utils': 0.2.11

  '@floating-ui/dom@1.7.6':
    dependencies:
      '@floating-ui/core': 1.7.5
      '@floating-ui/utils': 0.2.11

  '@floating-ui/react-dom@2.1.8(react-dom@19.2.4(react@19.2.4))(react@19.2.4)':
    dependencies:
      '@floating-ui/dom': 1.7.6
      react: 19.2.4
      react-dom: 19.2.4(react@19.2.4)

  '@floating-ui/react@0.27.19(react-dom@19.2.4(react@19.2.4))(react@19.2.4)':
    dependencies:
      '@floating-ui/react-dom': 2.1.8(react-dom@19.2.4(react@19.2.4))(react@19.2.4)
      '@floating-ui/utils': 0.2.11
      react: 19.2.4
      react-dom: 19.2.4(react@19.2.4)
      tabbable: 6.4.0

  '@floating-ui/utils@0.2.11': {}

  '@img/colour@1.1.0':
    optional: true

  '@img/sharp-darwin-arm64@0.34.5':
    optionalDependencies:
      '@img/sharp-libvips-darwin-arm64': 1.2.4
    optional: true

  '@img/sharp-darwin-x64@0.34.5':
    optionalDependencies:
      '@img/sharp-libvips-darwin-x64': 1.2.4
    optional: true

  '@img/sharp-libvips-darwin-arm64@1.2.4':
    optional: true

  '@img/sharp-libvips-darwin-x64@1.2.4':
    optional: true

  '@img/sharp-libvips-linux-arm64@1.2.4':
    optional: true

  '@img/sharp-libvips-linux-arm@1.2.4':
    optional: true

  '@img/sharp-libvips-linux-ppc64@1.2.4':
    optional: true

  '@img/sharp-libvips-linux-riscv64@1.2.4':
    optional: true

  '@img/sharp-libvips-linux-s390x@1.2.4':
    optional: true

  '@img/sharp-libvips-linux-x64@1.2.4':
    optional: true

  '@img/sharp-libvips-linuxmusl-arm64@1.2.4':
    optional: true

  '@img/sharp-libvips-linuxmusl-x64@1.2.4':
    optional: true

  '@img/sharp-linux-arm64@0.34.5':
    optionalDependencies:
      '@img/sharp-libvips-linux-arm64': 1.2.4
    optional: true

  '@img/sharp-linux-arm@0.34.5':
    optionalDependencies:
      '@img/sharp-libvips-linux-arm': 1.2.4
    optional: true

  '@img/sharp-linux-ppc64@0.34.5':
    optionalDependencies:
      '@img/sharp-libvips-linux-ppc64': 1.2.4
    optional: true

  '@img/sharp-linux-riscv64@0.34.5':
    optionalDependencies:
      '@img/sharp-libvips-linux-riscv64': 1.2.4
    optional: true

  '@img/sharp-linux-s390x@0.34.5':
    optionalDependencies:
      '@img/sharp-libvips-linux-s390x': 1.2.4
    optional: true

  '@img/sharp-linux-x64@0.34.5':
    optionalDependencies:
      '@img/sharp-libvips-linux-x64': 1.2.4
    optional: true

  '@img/sharp-linuxmusl-arm64@0.34.5':
    optionalDependencies:
      '@img/sharp-libvips-linuxmusl-arm64': 1.2.4
    optional: true

  '@img/sharp-linuxmusl-x64@0.34.5':
    optionalDependencies:
      '@img/sharp-libvips-linuxmusl-x64': 1.2.4
    optional: true

  '@img/sharp-wasm32@0.34.5':
    dependencies:
      '@emnapi/runtime': 1.9.0
    optional: true

  '@img/sharp-win32-arm64@0.34.5':
    optional: true

  '@img/sharp-win32-ia32@0.34.5':
    optional: true

  '@img/sharp-win32-x64@0.34.5':
    optional: true

  '@mantine/core@8.3.18(@mantine/hooks@8.3.18(react@19.2.4))(@types/react@19.2.14)(react-dom@19.2.4(react@19.2.4))(react@19.2.4)':
    dependencies:
      '@floating-ui/react': 0.27.19(react-dom@19.2.4(react@19.2.4))(react@19.2.4)
      '@mantine/hooks': 8.3.18(react@19.2.4)
      clsx: 2.1.1
      react: 19.2.4
      react-dom: 19.2.4(react@19.2.4)
      react-number-format: 5.4.4(react-dom@19.2.4(react@19.2.4))(react@19.2.4)
      react-remove-scroll: 2.7.2(@types/react@19.2.14)(react@19.2.4)
      react-textarea-autosize: 8.5.9(@types/react@19.2.14)(react@19.2.4)
      type-fest: 4.41.0
    transitivePeerDependencies:
      - '@types/react'

  '@mantine/hooks@8.3.18(react@19.2.4)':
    dependencies:
      react: 19.2.4

  '@next/env@16.1.7': {}

  '@next/swc-darwin-arm64@16.1.7':
    optional: true

  '@next/swc-darwin-x64@16.1.7':
    optional: true

  '@next/swc-linux-arm64-gnu@16.1.7':
    optional: true

  '@next/swc-linux-arm64-musl@16.1.7':
    optional: true

  '@next/swc-linux-x64-gnu@16.1.7':
    optional: true

  '@next/swc-linux-x64-musl@16.1.7':
    optional: true

  '@next/swc-win32-arm64-msvc@16.1.7':
    optional: true

  '@next/swc-win32-x64-msvc@16.1.7':
    optional: true

  '@swc/helpers@0.5.15':
    dependencies:
      tslib: 2.8.1

  '@tweenjs/tween.js@23.1.3': {}

  '@types/ms@2.1.0': {}

  '@types/node@25.5.0':
    dependencies:
      undici-types: 7.18.2

  '@types/react-dom@19.2.3(@types/react@19.2.14)':
    dependencies:
      '@types/react': 19.2.14

  '@types/react@19.2.14':
    dependencies:
      csstype: 3.2.3

  '@types/stats.js@0.17.4': {}

  '@types/three@0.183.1':
    dependencies:
      '@dimforge/rapier3d-compat': 0.12.0
      '@tweenjs/tween.js': 23.1.3
      '@types/stats.js': 0.17.4
      '@types/webxr': 0.5.24
      '@webgpu/types': 0.1.69
      fflate: 0.8.2
      meshoptimizer: 1.0.1

  '@types/webxr@0.5.24': {}

  '@webgpu/types@0.1.69': {}

  baseline-browser-mapping@2.10.8: {}

  caniuse-lite@1.0.30001780: {}

  client-only@0.0.1: {}

  clsx@2.1.1: {}

  csstype@3.2.3: {}

  detect-libc@2.1.2:
    optional: true

  detect-node-es@1.1.0: {}

  fflate@0.8.2: {}

  get-nonce@1.0.1: {}

  meshoptimizer@1.0.1: {}

  ms@2.1.3: {}

  nanoid@3.3.11: {}

  next@16.1.7(react-dom@19.2.4(react@19.2.4))(react@19.2.4):
    dependencies:
      '@next/env': 16.1.7
      '@swc/helpers': 0.5.15
      baseline-browser-mapping: 2.10.8
      caniuse-lite: 1.0.30001780
      postcss: 8.4.31
      react: 19.2.4
      react-dom: 19.2.4(react@19.2.4)
      styled-jsx: 5.1.6(react@19.2.4)
    optionalDependencies:
      '@next/swc-darwin-arm64': 16.1.7
      '@next/swc-darwin-x64': 16.1.7
      '@next/swc-linux-arm64-gnu': 16.1.7
      '@next/swc-linux-arm64-musl': 16.1.7
      '@next/swc-linux-x64-gnu': 16.1.7
      '@next/swc-linux-x64-musl': 16.1.7
      '@next/swc-win32-arm64-msvc': 16.1.7
      '@next/swc-win32-x64-msvc': 16.1.7
      sharp: 0.34.5
    transitivePeerDependencies:
      - '@babel/core'
      - babel-plugin-macros

  normalize.css@8.0.1: {}

  picocolors@1.1.1: {}

  postcss@8.4.31:
    dependencies:
      nanoid: 3.3.11
      picocolors: 1.1.1
      source-map-js: 1.2.1

  react-dom@19.2.4(react@19.2.4):
    dependencies:
      react: 19.2.4
      scheduler: 0.27.0

  react-number-format@5.4.4(react-dom@19.2.4(react@19.2.4))(react@19.2.4):
    dependencies:
      react: 19.2.4
      react-dom: 19.2.4(react@19.2.4)

  react-remove-scroll-bar@2.3.8(@types/react@19.2.14)(react@19.2.4):
    dependencies:
      react: 19.2.4
      react-style-singleton: 2.2.3(@types/react@19.2.14)(react@19.2.4)
      tslib: 2.8.1
    optionalDependencies:
      '@types/react': 19.2.14

  react-remove-scroll@2.7.2(@types/react@19.2.14)(react@19.2.4):
    dependencies:
      react: 19.2.4
      react-remove-scroll-bar: 2.3.8(@types/react@19.2.14)(react@19.2.4)
      react-style-singleton: 2.2.3(@types/react@19.2.14)(react@19.2.4)
      tslib: 2.8.1
      use-callback-ref: 1.3.3(@types/react@19.2.14)(react@19.2.4)
      use-sidecar: 1.1.3(@types/react@19.2.14)(react@19.2.4)
    optionalDependencies:
      '@types/react': 19.2.14

  react-style-singleton@2.2.3(@types/react@19.2.14)(react@19.2.4):
    dependencies:
      get-nonce: 1.0.1
      react: 19.2.4
      tslib: 2.8.1
    optionalDependencies:
      '@types/react': 19.2.14

  react-textarea-autosize@8.5.9(@types/react@19.2.14)(react@19.2.4):
    dependencies:
      '@babel/runtime': 7.29.2
      react: 19.2.4
      use-composed-ref: 1.4.0(@types/react@19.2.14)(react@19.2.4)
      use-latest: 1.3.0(@types/react@19.2.14)(react@19.2.4)
    transitivePeerDependencies:
      - '@types/react'

  react@19.2.4: {}

  scheduler@0.27.0: {}

  semver@7.7.4:
    optional: true

  sharp@0.34.5:
    dependencies:
      '@img/colour': 1.1.0
      detect-libc: 2.1.2
      semver: 7.7.4
    optionalDependencies:
      '@img/sharp-darwin-arm64': 0.34.5
      '@img/sharp-darwin-x64': 0.34.5
      '@img/sharp-libvips-darwin-arm64': 1.2.4
      '@img/sharp-libvips-darwin-x64': 1.2.4
      '@img/sharp-libvips-linux-arm': 1.2.4
      '@img/sharp-libvips-linux-arm64': 1.2.4
      '@img/sharp-libvips-linux-ppc64': 1.2.4
      '@img/sharp-libvips-linux-riscv64': 1.2.4
      '@img/sharp-libvips-linux-s390x': 1.2.4
      '@img/sharp-libvips-linux-x64': 1.2.4
      '@img/sharp-libvips-linuxmusl-arm64': 1.2.4
      '@img/sharp-libvips-linuxmusl-x64': 1.2.4
      '@img/sharp-linux-arm': 0.34.5
      '@img/sharp-linux-arm64': 0.34.5
      '@img/sharp-linux-ppc64': 0.34.5
      '@img/sharp-linux-riscv64': 0.34.5
      '@img/sharp-linux-s390x': 0.34.5
      '@img/sharp-linux-x64': 0.34.5
      '@img/sharp-linuxmusl-arm64': 0.34.5
      '@img/sharp-linuxmusl-x64': 0.34.5
      '@img/sharp-wasm32': 0.34.5
      '@img/sharp-win32-arm64': 0.34.5
      '@img/sharp-win32-ia32': 0.34.5
      '@img/sharp-win32-x64': 0.34.5
    optional: true

  simplex-noise@4.0.3: {}

  source-map-js@1.2.1: {}

  styled-jsx@5.1.6(react@19.2.4):
    dependencies:
      client-only: 0.0.1
      react: 19.2.4

  tabbable@6.4.0: {}

  three@0.183.2: {}

  tslib@2.8.1: {}

  type-fest@4.41.0: {}

  typescript@5.9.3: {}

  undici-types@7.18.2: {}

  use-callback-ref@1.3.3(@types/react@19.2.14)(react@19.2.4):
    dependencies:
      react: 19.2.4
      tslib: 2.8.1
    optionalDependencies:
      '@types/react': 19.2.14

  use-composed-ref@1.4.0(@types/react@19.2.14)(react@19.2.4):
    dependencies:
      react: 19.2.4
    optionalDependencies:
      '@types/react': 19.2.14

  use-isomorphic-layout-effect@1.2.1(@types/react@19.2.14)(react@19.2.4):
    dependencies:
      react: 19.2.4
    optionalDependencies:
      '@types/react': 19.2.14

  use-latest@1.3.0(@types/react@19.2.14)(react@19.2.4):
    dependencies:
      react: 19.2.4
      use-isomorphic-layout-effect: 1.2.1(@types/react@19.2.14)(react@19.2.4)
    optionalDependencies:
      '@types/react': 19.2.14

  use-sidecar@1.1.3(@types/react@19.2.14)(react@19.2.4):
    dependencies:
      detect-node-es: 1.1.0
      react: 19.2.4
      tslib: 2.8.1
    optionalDependencies:
      '@types/react': 19.2.14
